
Microsoft Visual Studio Solution File, Format Version 12.00
# Visual Studio 15
VisualStudioVersion = 15.0.27130.2010
MinimumVisualStudioVersion = 10.0.40219.1
Project("{FAE04EC0-301F-11D3-BF4B-00C04F79EFBC}") = "IntroToOOP", "IntroToOOP\IntroToOOP.csproj", "{1B3A3D32-A9DA-401F-B8D2-ED27BC9B4FF2}"
EndProject
Global
	GlobalSection(SolutionConfigurationPlatforms) = preSolution
		Debug|Any CPU = Debug|Any CPU
		Release|Any CPU = Release|Any CPU
	EndGlobalSection
	GlobalSection(ProjectConfigurationPlatforms) = postSolution
		{1B3A3D32-A9DA-401F-B8D2-ED27BC9B4FF2}.Debug|Any CPU.ActiveCfg = Debug|Any CPU
		{1B3A3D32-A9DA-401F-B8D2-ED27BC9B4FF2}.Debug|Any CPU.Build.0 = Debug|Any CPU
		{1B3A3D32-A9DA-401F-B8D2-ED27BC9B4FF2}.Release|Any CPU.ActiveCfg = Release|Any CPU
		{1B3A3D32-A9DA-401F-B8D2-ED27BC9B4FF2}.Release|Any CPU.Build.0 = Release|Any CPU
	EndGlobalSection
	GlobalSection(SolutionProperties) = preSolution
		HideSolutionNode = FALSE
	EndGlobalSection
	GlobalSection(ExtensibilityGlobals) = postSolution
		SolutionGuid = {65531C5A-7BE3-4E52-9A49-5B1F4FB1FC1E}
	EndGlobalSection
EndGlobal
